// !$*UTF8*$!
{
	archiveVersion = 1;
	classes = {
	};
	objectVersion = 55;
	objects = {

/* Begin PBXBuildFile section */
		9661931BE8086D14FAE34A77 /* Pods_ParstagramTests.framework in Frameworks */ = {isa = PBXBuildFile; fileRef = DBB8E09982C4A3CFA0A93A0C /* Pods_ParstagramTests.framework */; };
		B1B49B63EBFDAEBF3C7CC7A7 /* Pods_Parstagram_ParstagramUITests.framework in Frameworks */ = {isa = PBXBuildFile; fileRef = 02F15B09F8D064C58B686D94 /* Pods_Parstagram_ParstagramUITests.framework */; };
		CBE3E85021A2587B9B2CD866 /* Pods_Parstagram.framework in Frameworks */ = {isa = PBXBuildFile; fileRef = 762CDFF3F4F9EEB15779D6DF /* Pods_Parstagram.framework */; };
		E7786CCB27DAE718008C5CFF /* CommentCell.swift in Sources */ = {isa = PBXBuildFile; fileRef = E7786CCA27DAE718008C5CFF /* CommentCell.swift */; };
		E78D9F1127D803CD0006CA48 /* AppDelegate.swift in Sources */ = {isa = PBXBuildFile; fileRef = E78D9F1027D803CD0006CA48 /* AppDelegate.swift */; };
		E78D9F1327D803CD0006CA48 /* SceneDelegate.swift in Sources */ = {isa = PBXBuildFile; fileRef = E78D9F1227D803CD0006CA48 /* SceneDelegate.swift */; };
		E78D9F1827D803CD0006CA48 /* Main.storyboard in Resources */ = {isa = PBXBuildFile; fileRef = E78D9F1627D803CD0006CA48 /* Main.storyboard */; };
		E78D9F1A27D803D00006CA48 /* Assets.xcassets in Resources */ = {isa = PBXBuildFile; fileRef = E78D9F1927D803D00006CA48 /* Assets.xcassets */; };
		E78D9F1D27D803D00006CA48 /* LaunchScreen.storyboard in Resources */ = {isa = PBXBuildFile; fileRef = E78D9F1B27D803D00006CA48 /* LaunchScreen.storyboard */; };
		E78D9F2827D803D00006CA48 /* ParstagramTests.swift in Sources */ = {isa = PBXBuildFile; fileRef = E78D9F2727D803D00006CA48 /* ParstagramTests.swift */; };
		E78D9F3227D803D00006CA48 /* ParstagramUITests.swift in Sources */ = {isa = PBXBuildFile; fileRef = E78D9F3127D803D00006CA48 /* ParstagramUITests.swift */; };
		E78D9F3427D803D00006CA48 /* ParstagramUITestsLaunchTests.swift in Sources */ = {isa = PBXBuildFile; fileRef = E78D9F3327D803D00006CA48 /* ParstagramUITestsLaunchTests.swift */; };
		E78D9F4127D809EA0006CA48 /* LoginViewController.swift in Sources */ = {isa = PBXBuildFile; fileRef = E78D9F4027D809EA0006CA48 /* LoginViewController.swift */; };
		E78D9F4327D809FC0006CA48 /* FeedViewController.swift in Sources */ = {isa = PBXBuildFile; fileRef = E78D9F4227D809FC0006CA48 /* FeedViewController.swift */; };
		E78D9F4527D8121A0006CA48 /* CameraViewController.swift in Sources */ = {isa = PBXBuildFile; fileRef = E78D9F4427D8121A0006CA48 /* CameraViewController.swift */; };
		E78D9F4927D825800006CA48 /* PostCell.swift in Sources */ = {isa = PBXBuildFile; fileRef = E78D9F4827D825800006CA48 /* PostCell.swift */; };
/* End PBXBuildFile section */

/* Begin PBXContainerItemProxy section */
		E78D9F2427D803D00006CA48 /* PBXContainerItemProxy */ = {
			isa = PBXContainerItemProxy;
			containerPortal = E78D9F0527D803CD0006CA48 /* Project object */;
			proxyType = 1;
			remoteGlobalIDString = E78D9F0C27D803CD0006CA48;
			remoteInfo = Parstagram;
		};
		E78D9F2E27D803D00006CA48 /* PBXContainerItemProxy */ = {
			isa = PBXContainerItemProxy;
			containerPortal = E78D9F0527D803CD0006CA48 /* Project object */;
			proxyType = 1;
			remoteGlobalIDString = E78D9F0C27D803CD0006CA48;
			remoteInfo = Parstagram;
		};
/* End PBXContainerItemProxy section */

/* Begin PBXFileReference section */
		02F15B09F8D064C58B686D94 /* Pods_Parstagram_ParstagramUITests.framework */ = {isa = PBXFileReference; explicitFileType = wrapper.framework; includeInIndex = 0; path = Pods_Parstagram_ParstagramUITests.framework; sourceTree = BUILT_PRODUCTS_DIR; };
		042D58377461A170BA05BC21 /* Pods-Parstagram.debug.xcconfig */ = {isa = PBXFileReference; includeInIndex = 1; lastKnownFileType = text.xcconfig; name = "Pods-Parstagram.debug.xcconfig"; path = "Target Support Files/Pods-Parstagram/Pods-Parstagram.debug.xcconfig"; sourceTree = "<group>"; };
		5062E2CA4AB34AE66FDFCEE9 /* Pods-ParstagramTests.release.xcconfig */ = {isa = PBXFileReference; includeInIndex = 1; lastKnownFileType = text.xcconfig; name = "Pods-ParstagramTests.release.xcconfig"; path = "Target Support Files/Pods-ParstagramTests/Pods-ParstagramTests.release.xcconfig"; sourceTree = "<group>"; };
		762CDFF3F4F9EEB15779D6DF /* Pods_Parstagram.framework */ = {isa = PBXFileReference; explicitFileType = wrapper.framework; includeInIndex = 0; path = Pods_Parstagram.framework; sourceTree = BUILT_PRODUCTS_DIR; };
		83EFB924511E40B38609A8A1 /* Pods-ParstagramTests.debug.xcconfig */ = {isa = PBXFileReference; includeInIndex = 1; lastKnownFileType = text.xcconfig; name = "Pods-ParstagramTests.debug.xcconfig"; path = "Target Support Files/Pods-ParstagramTests/Pods-ParstagramTests.debug.xcconfig"; sourceTree = "<group>"; };
		89BCFFF4C758A04F7A0E04EF /* Pods-Parstagram-ParstagramUITests.debug.xcconfig */ = {isa = PBXFileReference; includeInIndex = 1; lastKnownFileType = text.xcconfig; name = "Pods-Parstagram-ParstagramUITests.debug.xcconfig"; path = "Target Support Files/Pods-Parstagram-ParstagramUITests/Pods-Parstagram-ParstagramUITests.debug.xcconfig"; sourceTree = "<group>"; };
		9BA2099C63F65DECEEB389D2 /* Pods-Parstagram.release.xcconfig */ = {isa = PBXFileReference; includeInIndex = 1; lastKnownFileType = text.xcconfig; name = "Pods-Parstagram.release.xcconfig"; path = "Target Support Files/Pods-Parstagram/Pods-Parstagram.release.xcconfig"; sourceTree = "<group>"; };
		DBB8E09982C4A3CFA0A93A0C /* Pods_ParstagramTests.framework */ = {isa = PBXFileReference; explicitFileType = wrapper.framework; includeInIndex = 0; path = Pods_ParstagramTests.framework; sourceTree = BUILT_PRODUCTS_DIR; };
		E7786CCA27DAE718008C5CFF /* CommentCell.swift */ = {isa = PBXFileReference; lastKnownFileType = sourcecode.swift; path = CommentCell.swift; sourceTree = "<group>"; };
		E78D9F0D27D803CD0006CA48 /* Parstagram.app */ = {isa = PBXFileReference; explicitFileType = wrapper.application; includeInIndex = 0; path = Parstagram.app; sourceTree = BUILT_PRODUCTS_DIR; };
		E78D9F1027D803CD0006CA48 /* AppDelegate.swift */ = {isa = PBXFileReference; lastKnownFileType = sourcecode.swift; path = AppDelegate.swift; sourceTree = "<group>"; };
		E78D9F1227D803CD0006CA48 /* SceneDelegate.swift */ = {isa = PBXFileReference; lastKnownFileType = sourcecode.swift; path = SceneDelegate.swift; sourceTree = "<group>"; };
		E78D9F1727D803CD0006CA48 /* Base */ = {isa = PBXFileReference; lastKnownFileType = file.storyboard; name = Base; path = Base.lproj/Main.storyboard; sourceTree = "<group>"; };
		E78D9F1927D803D00006CA48 /* Assets.xcassets */ = {isa = PBXFileReference; lastKnownFileType = folder.assetcatalog; path = Assets.xcassets; sourceTree = "<group>"; };
		E78D9F1C27D803D00006CA48 /* Base */ = {isa = PBXFileReference; lastKnownFileType = file.storyboard; name = Base; path = Base.lproj/LaunchScreen.storyboard; sourceTree = "<group>"; };
		E78D9F1E27D803D00006CA48 /* Info.plist */ = {isa = PBXFileReference; lastKnownFileType = text.plist.xml; path = Info.plist; sourceTree = "<group>"; };
		E78D9F2327D803D00006CA48 /* ParstagramTests.xctest */ = {isa = PBXFileReference; explicitFileType = wrapper.cfbundle; includeInIndex = 0; path = ParstagramTests.xctest; sourceTree = BUILT_PRODUCTS_DIR; };
		E78D9F2727D803D00006CA48 /* ParstagramTests.swift */ = {isa = PBXFileReference; lastKnownFileType = sourcecode.swift; path = ParstagramTests.swift; sourceTree = "<group>"; };
		E78D9F2D27D803D00006CA48 /* ParstagramUITests.xctest */ = {isa = PBXFileReference; explicitFileType = wrapper.cfbundle; includeInIndex = 0; path = ParstagramUITests.xctest; sourceTree = BUILT_PRODUCTS_DIR; };
		E78D9F3127D803D00006CA48 /* ParstagramUITests.swift */ = {isa = PBXFileReference; lastKnownFileType = sourcecode.swift; path = ParstagramUITests.swift; sourceTree = "<group>"; };
		E78D9F3327D803D00006CA48 /* ParstagramUITestsLaunchTests.swift */ = {isa = PBXFileReference; lastKnownFileType = sourcecode.swift; path = ParstagramUITestsLaunchTests.swift; sourceTree = "<group>"; };
		E78D9F4027D809EA0006CA48 /* LoginViewController.swift */ = {isa = PBXFileReference; lastKnownFileType = sourcecode.swift; path = LoginViewController.swift; sourceTree = "<group>"; };
		E78D9F4227D809FC0006CA48 /* FeedViewController.swift */ = {isa = PBXFileReference; lastKnownFileType = sourcecode.swift; path = FeedViewController.swift; sourceTree = "<group>"; };
		E78D9F4427D8121A0006CA48 /* CameraViewController.swift */ = {isa = PBXFileReference; lastKnownFileType = sourcecode.swift; path = CameraViewController.swift; sourceTree = "<group>"; };
		E78D9F4827D825800006CA48 /* PostCell.swift */ = {isa = PBXFileReference; lastKnownFileType = sourcecode.swift; path = PostCell.swift; sourceTree = "<group>"; };
		F61DB708F19CF3D2B37BACE2 /* Pods-Parstagram-ParstagramUITests.release.xcconfig */ = {isa = PBXFileReference; includeInIndex = 1; lastKnownFileType = text.xcconfig; name = "Pods-Parstagram-ParstagramUITests.release.xcconfig"; path = "Target Support Files/Pods-Parstagram-ParstagramUITests/Pods-Parstagram-ParstagramUITests.release.xcconfig"; sourceTree = "<group>"; };
/* End PBXFileReference section */

/* Begin PBXFrameworksBuildPhase section */
		E78D9F0A27D803CD0006CA48 /* Frameworks */ = {
			isa = PBXFrameworksBuildPhase;
			buildActionMask = 2147483647;
			files = (
				CBE3E85021A2587B9B2CD866 /* Pods_Parstagram.framework in Frameworks */,
			);
			runOnlyForDeploymentPostprocessing = 0;
		};
		E78D9F2027D803D00006CA48 /* Frameworks */ = {
			isa = PBXFrameworksBuildPhase;
			buildActionMask = 2147483647;
			files = (
				9661931BE8086D14FAE34A77 /* Pods_ParstagramTests.framework in Frameworks */,
			);
			runOnlyForDeploymentPostprocessing = 0;
		};
		E78D9F2A27D803D00006CA48 /* Frameworks */ = {
			isa = PBXFrameworksBuildPhase;
			buildActionMask = 2147483647;
			files = (
				B1B49B63EBFDAEBF3C7CC7A7 /* Pods_Parstagram_ParstagramUITests.framework in Frameworks */,
			);
			runOnlyForDeploymentPostprocessing = 0;
		};
/* End PBXFrameworksBuildPhase section */

/* Begin PBXGroup section */
		8D1D29802CC7621BF724849E /* Pods */ = {
			isa = PBXGroup;
			children = (
				042D58377461A170BA05BC21 /* Pods-Parstagram.debug.xcconfig */,
				9BA2099C63F65DECEEB389D2 /* Pods-Parstagram.release.xcconfig */,
				89BCFFF4C758A04F7A0E04EF /* Pods-Parstagram-ParstagramUITests.debug.xcconfig */,
				F61DB708F19CF3D2B37BACE2 /* Pods-Parstagram-ParstagramUITests.release.xcconfig */,
				83EFB924511E40B38609A8A1 /* Pods-ParstagramTests.debug.xcconfig */,
				5062E2CA4AB34AE66FDFCEE9 /* Pods-ParstagramTests.release.xcconfig */,
			);
			path = Pods;
			sourceTree = "<group>";
		};
		E78D9F0427D803CD0006CA48 = {
			isa = PBXGroup;
			children = (
				E78D9F0F27D803CD0006CA48 /* Parstagram */,
				E78D9F2627D803D00006CA48 /* ParstagramTests */,
				E78D9F3027D803D00006CA48 /* ParstagramUITests */,
				E78D9F0E27D803CD0006CA48 /* Products */,
				8D1D29802CC7621BF724849E /* Pods */,
				F658211DD6A19FE21E2EC055 /* Frameworks */,
			);
			sourceTree = "<group>";
		};
		E78D9F0E27D803CD0006CA48 /* Products */ = {
			isa = PBXGroup;
			children = (
				E78D9F0D27D803CD0006CA48 /* Parstagram.app */,
				E78D9F2327D803D00006CA48 /* ParstagramTests.xctest */,
				E78D9F2D27D803D00006CA48 /* ParstagramUITests.xctest */,
			);
			name = Products;
			sourceTree = "<group>";
		};
		E78D9F0F27D803CD0006CA48 /* Parstagram */ = {
			isa = PBXGroup;
			children = (
				E78D9F1027D803CD0006CA48 /* AppDelegate.swift */,
				E78D9F1227D803CD0006CA48 /* SceneDelegate.swift */,
				E78D9F1627D803CD0006CA48 /* Main.storyboard */,
				E78D9F1927D803D00006CA48 /* Assets.xcassets */,
				E78D9F1B27D803D00006CA48 /* LaunchScreen.storyboard */,
				E78D9F1E27D803D00006CA48 /* Info.plist */,
				E78D9F4027D809EA0006CA48 /* LoginViewController.swift */,
				E78D9F4227D809FC0006CA48 /* FeedViewController.swift */,
				E78D9F4427D8121A0006CA48 /* CameraViewController.swift */,
				E78D9F4827D825800006CA48 /* PostCell.swift */,
				E7786CCA27DAE718008C5CFF /* CommentCell.swift */,
			);
			path = Parstagram;
			sourceTree = "<group>";
		};
		E78D9F2627D803D00006CA48 /* ParstagramTests */ = {
			isa = PBXGroup;
			children = (
				E78D9F2727D803D00006CA48 /* ParstagramTests.swift */,
			);
			path = ParstagramTests;
			sourceTree = "<group>";
		};
		E78D9F3027D803D00006CA48 /* ParstagramUITests */ = {
			isa = PBXGroup;
			children = (
				E78D9F3127D803D00006CA48 /* ParstagramUITests.swift */,
				E78D9F3327D803D00006CA48 /* ParstagramUITestsLaunchTests.swift */,
			);
			path = ParstagramUITests;
			sourceTree = "<group>";
		};
		F658211DD6A19FE21E2EC055 /* Frameworks */ = {
			isa = PBXGroup;
			children = (
				762CDFF3F4F9EEB15779D6DF /* Pods_Parstagram.framework */,
				02F15B09F8D064C58B686D94 /* Pods_Parstagram_ParstagramUITests.framework */,
				DBB8E09982C4A3CFA0A93A0C /* Pods_ParstagramTests.framework */,
			);
			name = Frameworks;
			sourceTree = "<group>";
		};
/* End PBXGroup section */

/* Begin PBXNativeTarget section */
		E78D9F0C27D803CD0006CA48 /* Parstagram */ = {
			isa = PBXNativeTarget;
			buildConfigurationList = E78D9F3727D803D00006CA48 /* Build configuration list for PBXNativeTarget "Parstagram" */;
			buildPhases = (
				A7FEF6573C407C66D5C89A60 /* [CP] Check Pods Manifest.lock */,
				E78D9F0927D803CD0006CA48 /* Sources */,
				E78D9F0A27D803CD0006CA48 /* Frameworks */,
				E78D9F0B27D803CD0006CA48 /* Resources */,
				5B3B272207AE7555306D6352 /* [CP] Embed Pods Frameworks */,
			);
			buildRules = (
			);
			dependencies = (
			);
			name = Parstagram;
			productName = Parstagram;
			productReference = E78D9F0D27D803CD0006CA48 /* Parstagram.app */;
			productType = "com.apple.product-type.application";
		};
		E78D9F2227D803D00006CA48 /* ParstagramTests */ = {
			isa = PBXNativeTarget;
			buildConfigurationList = E78D9F3A27D803D00006CA48 /* Build configuration list for PBXNativeTarget "ParstagramTests" */;
			buildPhases = (
				5AF627C5ECB81BF20A865816 /* [CP] Check Pods Manifest.lock */,
				E78D9F1F27D803D00006CA48 /* Sources */,
				E78D9F2027D803D00006CA48 /* Frameworks */,
				E78D9F2127D803D00006CA48 /* Resources */,
			);
			buildRules = (
			);
			dependencies = (
				E78D9F2527D803D00006CA48 /* PBXTargetDependency */,
			);
			name = ParstagramTests;
			productName = ParstagramTests;
			productReference = E78D9F2327D803D00006CA48 /* ParstagramTests.xctest */;
			productType = "com.apple.product-type.bundle.unit-test";
		};
		E78D9F2C27D803D00006CA48 /* ParstagramUITests */ = {
			isa = PBXNativeTarget;
			buildConfigurationList = E78D9F3D27D803D00006CA48 /* Build configuration list for PBXNativeTarget "ParstagramUITests" */;
			buildPhases = (
				DF03D7D1A95D1958EB249C97 /* [CP] Check Pods Manifest.lock */,
				E78D9F2927D803D00006CA48 /* Sources */,
				E78D9F2A27D803D00006CA48 /* Frameworks */,
				E78D9F2B27D803D00006CA48 /* Resources */,
				DE4D492F2F078FB54B169EEE /* [CP] Embed Pods Frameworks */,
			);
			buildRules = (
			);
			dependencies = (
				E78D9F2F27D803D00006CA48 /* PBXTargetDependency */,
			);
			name = ParstagramUITests;
			productName = ParstagramUITests;
			productReference = E78D9F2D27D803D00006CA48 /* ParstagramUITests.xctest */;
			productType = "com.apple.product-type.bundle.ui-testing";
		};
/* End PBXNativeTarget section */

/* Begin PBXProject section */
		E78D9F0527D803CD0006CA48 /* Project object */ = {
			isa = PBXProject;
			attributes = {
				BuildIndependentTargetsInParallel = 1;
				LastSwiftUpdateCheck = 1320;
				LastUpgradeCheck = 1320;
				TargetAttributes = {
					E78D9F0C27D803CD0006CA48 = {
						CreatedOnToolsVersion = 13.2.1;
					};
					E78D9F2227D803D00006CA48 = {
						CreatedOnToolsVersion = 13.2.1;
						TestTargetID = E78D9F0C27D803CD0006CA48;
					};
					E78D9F2C27D803D00006CA48 = {
						CreatedOnToolsVersion = 13.2.1;
						TestTargetID = E78D9F0C27D803CD0006CA48;
					};
				};
			};
			buildConfigurationList = E78D9F0827D803CD0006CA48 /* Build configuration list for PBXProject "Parstagram" */;
			compatibilityVersion = "Xcode 13.0";
			developmentRegion = en;
			hasScannedForEncodings = 0;
			knownRegions = (
				en,
				Base,
			);
			mainGroup = E78D9F0427D803CD0006CA48;
			productRefGroup = E78D9F0E27D803CD0006CA48 /* Products */;
			projectDirPath = "";
			projectRoot = "";
			targets = (
				E78D9F0C27D803CD0006CA48 /* Parstagram */,
				E78D9F2227D803D00006CA48 /* ParstagramTests */,
				E78D9F2C27D803D00006CA48 /* ParstagramUITests */,
			);
		};
/* End PBXProject section */

/* Begin PBXResourcesBuildPhase section */
		E78D9F0B27D803CD0006CA48 /* Resources */ = {
			isa = PBXResourcesBuildPhase;
			buildActionMask = 2147483647;
			files = (
				E78D9F1D27D803D00006CA48 /* LaunchScreen.storyboard in Resources */,
				E78D9F1A27D803D00006CA48 /* Assets.xcassets in Resources */,
				E78D9F1827D803CD0006CA48 /* Main.storyboard in Resources */,
			);
			runOnlyForDeploymentPostprocessing = 0;
		};
		E78D9F2127D803D00006CA48 /* Resources */ = {
			isa = PBXResourcesBuildPhase;
			buildActionMask = 2147483647;
			files = (
			);
			runOnlyForDeploymentPostprocessing = 0;
		};
		E78D9F2B27D803D00006CA48 /* Resources */ = {
			isa = PBXResourcesBuildPhase;
			buildActionMask = 2147483647;
			files = (
			);
			runOnlyForDeploymentPostprocessing = 0;
		};
/* End PBXResourcesBuildPhase section */

/* Begin PBXShellScriptBuildPhase section */
		5AF627C5ECB81BF20A865816 /* [CP] Check Pods Manifest.lock */ = {
			isa = PBXShellScriptBuildPhase;
			buildActionMask = 2147483647;
			files = (
			);
			inputFileListPaths = (
			);
			inputPaths = (
				"${PODS_PODFILE_DIR_PATH}/Podfile.lock",
				"${PODS_ROOT}/Manifest.lock",
			);
			name = "[CP] Check Pods Manifest.lock";
			outputFileListPaths = (
			);
			outputPaths = (
				"$(DERIVED_FILE_DIR)/Pods-ParstagramTests-checkManifestLockResult.txt",
			);
			runOnlyForDeploymentPostprocessing = 0;
			shellPath = /bin/sh;
			shellScript = "diff \"${PODS_PODFILE_DIR_PATH}/Podfile.lock\" \"${PODS_ROOT}/Manifest.lock\" > /dev/null\nif [ $? != 0 ] ; then\n    # print error to STDERR\n    echo \"error: The sandbox is not in sync with the Podfile.lock. Run 'pod install' or update your CocoaPods installation.\" >&2\n    exit 1\nfi\n# This output is used by Xcode 'outputs' to avoid re-running this script phase.\necho \"SUCCESS\" > \"${SCRIPT_OUTPUT_FILE_0}\"\n";
			showEnvVarsInLog = 0;
		};
		5B3B272207AE7555306D6352 /* [CP] Embed Pods Frameworks */ = {
			isa = PBXShellScriptBuildPhase;
			buildActionMask = 2147483647;
			files = (
			);
			inputFileListPaths = (
				"${PODS_ROOT}/Target Support Files/Pods-Parstagram/Pods-Parstagram-frameworks-${CONFIGURATION}-input-files.xcfilelist",
			);
			name = "[CP] Embed Pods Frameworks";
			outputFileListPaths = (
				"${PODS_ROOT}/Target Support Files/Pods-Parstagram/Pods-Parstagram-frameworks-${CONFIGURATION}-output-files.xcfilelist",
			);
			runOnlyForDeploymentPostprocessing = 0;
			shellPath = /bin/sh;
			shellScript = "\"${PODS_ROOT}/Target Support Files/Pods-Parstagram/Pods-Parstagram-frameworks.sh\"\n";
			showEnvVarsInLog = 0;
		};
		A7FEF6573C407C66D5C89A60 /* [CP] Check Pods Manifest.lock */ = {
			isa = PBXShellScriptBuildPhase;
			buildActionMask = 2147483647;
			files = (
			);
			inputFileListPaths = (
			);
			inputPaths = (
				"${PODS_PODFILE_DIR_PATH}/Podfile.lock",
				"${PODS_ROOT}/Manifest.lock",
			);
			name = "[CP] Check Pods Manifest.lock";
			outputFileListPaths = (
			);
			outputPaths = (
				"$(DERIVED_FILE_DIR)/Pods-Parstagram-checkManifestLockResult.txt",
			);
			runOnlyForDeploymentPostprocessing = 0;
			shellPath = /bin/sh;
			shellScript = "diff \"${PODS_PODFILE_DIR_PATH}/Podfile.lock\" \"${PODS_ROOT}/Manifest.lock\" > /dev/null\nif [ $? != 0 ] ; then\n    # print error to STDERR\n    echo \"error: The sandbox is not in sync with the Podfile.lock. Run 'pod install' or update your CocoaPods installation.\" >&2\n    exit 1\nfi\n# This output is used by Xcode 'outputs' to avoid re-running this script phase.\necho \"SUCCESS\" > \"${SCRIPT_OUTPUT_FILE_0}\"\n";
			showEnvVarsInLog = 0;
		};
		DE4D492F2F078FB54B169EEE /* [CP] Embed Pods Frameworks */ = {
			isa = PBXShellScriptBuildPhase;
			buildActionMask = 2147483647;
			files = (
			);
			inputFileListPaths = (
				"${PODS_ROOT}/Target Support Files/Pods-Parstagram-ParstagramUITests/Pods-Parstagram-ParstagramUITests-frameworks-${CONFIGURATION}-input-files.xcfilelist",
			);
			name = "[CP] Embed Pods Frameworks";
			outputFileListPaths = (
				"${PODS_ROOT}/Target Support Files/Pods-Parstagram-ParstagramUITests/Pods-Parstagram-ParstagramUITests-frameworks-${CONFIGURATION}-output-files.xcfilelist",
			);
			runOnlyForDeploymentPostprocessing = 0;
			shellPath = /bin/sh;
			shellScript = "\"${PODS_ROOT}/Target Support Files/Pods-Parstagram-ParstagramUITests/Pods-Parstagram-ParstagramUITests-frameworks.sh\"\n";
			showEnvVarsInLog = 0;
		};
		DF03D7D1A95D1958EB249C97 /* [CP] Check Pods Manifest.lock */ = {
			isa = PBXShellScriptBuildPhase;
			buildActionMask = 2147483647;
			files = (
			);
			inputFileListPaths = (
			);
			inputPaths = (
				"${PODS_PODFILE_DIR_PATH}/Podfile.lock",
				"${PODS_ROOT}/Manifest.lock",
			);
			name = "[CP] Check Pods Manifest.lock";
			outputFileListPaths = (
			);
			outputPaths = (
				"$(DERIVED_FILE_DIR)/Pods-Parstagram-ParstagramUITests-checkManifestLockResult.txt",
			);
			runOnlyForDeploymentPostprocessing = 0;
			shellPath = /bin/sh;
			shellScript = "diff \"${PODS_PODFILE_DIR_PATH}/Podfile.lock\" \"${PODS_ROOT}/Manifest.lock\" > /dev/null\nif [ $? != 0 ] ; then\n    # print error to STDERR\n    echo \"error: The sandbox is not in sync with the Podfile.lock. Run 'pod install' or update your CocoaPods installation.\" >&2\n    exit 1\nfi\n# This output is used by Xcode 'outputs' to avoid re-running this script phase.\necho \"SUCCESS\" > \"${SCRIPT_OUTPUT_FILE_0}\"\n";
			showEnvVarsInLog = 0;
		};
/* End PBXShellScriptBuildPhase section */

/* Begin PBXSourcesBuildPhase section */
		E78D9F0927D803CD0006CA48 /* Sources */ = {
			isa = PBXSourcesBuildPhase;
			buildActionMask = 2147483647;
			files = (
				E78D9F4127D809EA0006CA48 /* LoginViewController.swift in Sources */,
				E78D9F4527D8121A0006CA48 /* CameraViewController.swift in Sources */,
				E78D9F1127D803CD0006CA48 /* AppDelegate.swift in Sources */,
				E78D9F4327D809FC0006CA48 /* FeedViewController.swift in Sources */,
				E78D9F1327D803CD0006CA48 /* SceneDelegate.swift in Sources */,
				E78D9F4927D825800006CA48 /* PostCell.swift in Sources */,
				E7786CCB27DAE718008C5CFF /* CommentCell.swift in Sources */,
			);
			runOnlyForDeploymentPostprocessing = 0;
		};
		E78D9F1F27D803D00006CA48 /* Sources */ = {
			isa = PBXSourcesBuildPhase;
			buildActionMask = 2147483647;
			files = (
				E78D9F2827D803D00006CA48 /* ParstagramTests.swift in Sources */,
			);
			runOnlyForDeploymentPostprocessing = 0;
		};
		E78D9F2927D803D00006CA48 /* Sources */ = {
			isa = PBXSourcesBuildPhase;
			buildActionMask = 2147483647;
			files = (
				E78D9F3427D803D00006CA48 /* ParstagramUITestsLaunchTests.swift in Sources */,
				E78D9F3227D803D00006CA48 /* ParstagramUITests.swift in Sources */,
			);
			runOnlyForDeploymentPostprocessing = 0;
		};
/* End PBXSourcesBuildPhase section */

/* Begin PBXTargetDependency section */
		E78D9F2527D803D00006CA48 /* PBXTargetDependency */ = {
			isa = PBXTargetDependency;
			target = E78D9F0C27D803CD0006CA48 /* Parstagram */;
			targetProxy = E78D9F2427D803D00006CA48 /* PBXContainerItemProxy */;
		};
		E78D9F2F27D803D00006CA48 /* PBXTargetDependency */ = {
			isa = PBXTargetDependency;
			target = E78D9F0C27D803CD0006CA48 /* Parstagram */;
			targetProxy = E78D9F2E27D803D00006CA48 /* PBXContainerItemProxy */;
		};
/* End PBXTargetDependency section */

/* Begin PBXVariantGroup section */
		E78D9F1627D803CD0006CA48 /* Main.storyboard */ = {
			isa = PBXVariantGroup;
			children = (
				E78D9F1727D803CD0006CA48 /* Base */,
			);
			name = Main.storyboard;
			sourceTree = "<group>";
		};
		E78D9F1B27D803D00006CA48 /* LaunchScreen.storyboard */ = {
			isa = PBXVariantGroup;
			children = (
				E78D9F1C27D803D00006CA48 /* Base */,
			);
			name = LaunchScreen.storyboard;
			sourceTree = "<group>";
		};
/* End PBXVariantGroup section */

/* Begin XCBuildConfiguration section */
		E78D9F3527D803D00006CA48 /* Debug */ = {
			isa = XCBuildConfiguration;
			buildSettings = {
				ALWAYS_SEARCH_USER_PATHS = NO;
				CLANG_ANALYZER_NONNULL = YES;
				CLANG_ANALYZER_NUMBER_OBJECT_CONVERSION = YES_AGGRESSIVE;
				CLANG_CXX_LANGUAGE_STANDARD = "gnu++17";
				CLANG_CXX_LIBRARY = "libc++";
				CLANG_ENABLE_MODULES = YES;
				CLANG_ENABLE_OBJC_ARC = YES;
				CLANG_ENABLE_OBJC_WEAK = YES;
				CLANG_WARN_BLOCK_CAPTURE_AUTORELEASING = YES;
				CLANG_WARN_BOOL_CONVERSION = YES;
				CLANG_WARN_COMMA = YES;
				CLANG_WARN_CONSTANT_CONVERSION = YES;
				CLANG_WARN_DEPRECATED_OBJC_IMPLEMENTATIONS = YES;
				CLANG_WARN_DIRECT_OBJC_ISA_USAGE = YES_ERROR;
				CLANG_WARN_DOCUMENTATION_COMMENTS = YES;
				CLANG_WARN_EMPTY_BODY = YES;
				CLANG_WARN_ENUM_CONVERSION = YES;
				CLANG_WARN_INFINITE_RECURSION = YES;
				CLANG_WARN_INT_CONVERSION = YES;
				CLANG_WARN_NON_LITERAL_NULL_CONVERSION = YES;
				CLANG_WARN_OBJC_IMPLICIT_RETAIN_SELF = YES;
				CLANG_WARN_OBJC_LITERAL_CONVERSION = YES;
				CLANG_WARN_OBJC_ROOT_CLASS = YES_ERROR;
				CLANG_WARN_QUOTED_INCLUDE_IN_FRAMEWORK_HEADER = YES;
				CLANG_WARN_RANGE_LOOP_ANALYSIS = YES;
				CLANG_WARN_STRICT_PROTOTYPES = YES;
				CLANG_WARN_SUSPICIOUS_MOVE = YES;
				CLANG_WARN_UNGUARDED_AVAILABILITY = YES_AGGRESSIVE;
				CLANG_WARN_UNREACHABLE_CODE = YES;
				CLANG_WARN__DUPLICATE_METHOD_MATCH = YES;
				COPY_PHASE_STRIP = NO;
				DEBUG_INFORMATION_FORMAT = dwarf;
				ENABLE_STRICT_OBJC_MSGSEND = YES;
				ENABLE_TESTABILITY = YES;
				GCC_C_LANGUAGE_STANDARD = gnu11;
				GCC_DYNAMIC_NO_PIC = NO;
				GCC_NO_COMMON_BLOCKS = YES;
				GCC_OPTIMIZATION_LEVEL = 0;
				GCC_PREPROCESSOR_DEFINITIONS = (
					"DEBUG=1",
					"$(inherited)",
				);
				GCC_WARN_64_TO_32_BIT_CONVERSION = YES;
				GCC_WARN_ABOUT_RETURN_TYPE = YES_ERROR;
				GCC_WARN_UNDECLARED_SELECTOR = YES;
				GCC_WARN_UNINITIALIZED_AUTOS = YES_AGGRESSIVE;
				GCC_WARN_UNUSED_FUNCTION = YES;
				GCC_WARN_UNUSED_VARIABLE = YES;
				IPHONEOS_DEPLOYMENT_TARGET = 15.2;
				MTL_ENABLE_DEBUG_INFO = INCLUDE_SOURCE;
				MTL_FAST_MATH = YES;
				ONLY_ACTIVE_ARCH = YES;
				SDKROOT = iphoneos;
				SWIFT_ACTIVE_COMPILATION_CONDITIONS = DEBUG;
				SWIFT_OPTIMIZATION_LEVEL = "-Onone";
			};
			name = Debug;
		};
		E78D9F3627D803D00006CA48 /* Release */ = {
			isa = XCBuildConfiguration;
			buildSettings = {
				ALWAYS_SEARCH_USER_PATHS = NO;
				CLANG_ANALYZER_NONNULL = YES;
				CLANG_ANALYZER_NUMBER_OBJECT_CONVERSION = YES_AGGRESSIVE;
				CLANG_CXX_LANGUAGE_STANDARD = "gnu++17";
				CLANG_CXX_LIBRARY = "libc++";
				CLANG_ENABLE_MODULES = YES;
				CLANG_ENABLE_OBJC_ARC = YES;
				CLANG_ENABLE_OBJC_WEAK = YES;
				CLANG_WARN_BLOCK_CAPTURE_AUTORELEASING = YES;
				CLANG_WARN_BOOL_CONVERSION = YES;
				CLANG_WARN_COMMA = YES;
				CLANG_WARN_CONSTANT_CONVERSION = YES;
				CLANG_WARN_DEPRECATED_OBJC_IMPLEMENTATIONS = YES;
				CLANG_WARN_DIRECT_OBJC_ISA_USAGE = YES_ERROR;
				CLANG_WARN_DOCUMENTATION_COMMENTS = YES;
				CLANG_WARN_EMPTY_BODY = YES;
				CLANG_WARN_ENUM_CONVERSION = YES;
				CLANG_WARN_INFINITE_RECURSION = YES;
				CLANG_WARN_INT_CONVERSION = YES;
				CLANG_WARN_NON_LITERAL_NULL_CONVERSION = YES;
				CLANG_WARN_OBJC_IMPLICIT_RETAIN_SELF = YES;
				CLANG_WARN_OBJC_LITERAL_CONVERSION = YES;
				CLANG_WARN_OBJC_ROOT_CLASS = YES_ERROR;
				CLANG_WARN_QUOTED_INCLUDE_IN_FRAMEWORK_HEADER = YES;
				CLANG_WARN_RANGE_LOOP_ANALYSIS = YES;
				CLANG_WARN_STRICT_PROTOTYPES = YES;
				CLANG_WARN_SUSPICIOUS_MOVE = YES;
				CLANG_WARN_UNGUARDED_AVAILABILITY = YES_AGGRESSIVE;
				CLANG_WARN_UNREACHABLE_CODE = YES;
				CLANG_WARN__DUPLICATE_METHOD_MATCH = YES;
				COPY_PHASE_STRIP = NO;
				DEBUG_INFORMATION_FORMAT = "dwarf-with-dsym";
				ENABLE_NS_ASSERTIONS = NO;
				ENABLE_STRICT_OBJC_MSGSEND = YES;
				GCC_C_LANGUAGE_STANDARD = gnu11;
				GCC_NO_COMMON_BLOCKS = YES;
				GCC_WARN_64_TO_32_BIT_CONVERSION = YES;
				GCC_WARN_ABOUT_RETURN_TYPE = YES_ERROR;
				GCC_WARN_UNDECLARED_SELECTOR = YES;
				GCC_WARN_UNINITIALIZED_AUTOS = YES_AGGRESSIVE;
				GCC_WARN_UNUSED_FUNCTION = YES;
				GCC_WARN_UNUSED_VARIABLE = YES;
				IPHONEOS_DEPLOYMENT_TARGET = 15.2;
				MTL_ENABLE_DEBUG_INFO = NO;
				MTL_FAST_MATH = YES;
				SDKROOT = iphoneos;
				SWIFT_COMPILATION_MODE = wholemodule;
				SWIFT_OPTIMIZATION_LEVEL = "-O";
				VALIDATE_PRODUCT = YES;
			};
			name = Release;
		};
		E78D9F3827D803D00006CA48 /* Debug */ = {
			isa = XCBuildConfiguration;
			baseConfigurationReference = 042D58377461A170BA05BC21 /* Pods-Parstagram.debug.xcconfig */;
			buildSettings = {
				ASSETCATALOG_COMPILER_APPICON_NAME = AppIcon;
				ASSETCATALOG_COMPILER_GLOBAL_ACCENT_COLOR_NAME = AccentColor;
				CODE_SIGN_STYLE = Automatic;
				CURRENT_PROJECT_VERSION = 1;
				DEVELOPMENT_TEAM = L36HJ4724Z;
				GENERATE_INFOPLIST_FILE = YES;
				INFOPLIST_FILE = Parstagram/Info.plist;
				INFOPLIST_KEY_CFBundleDisplayName = Parstagram;
				INFOPLIST_KEY_UIApplicationSupportsIndirectInputEvents = YES;
				INFOPLIST_KEY_UILaunchStoryboardName = LaunchScreen;
				INFOPLIST_KEY_UIMainStoryboardFile = Main;
				INFOPLIST_KEY_UISupportedInterfaceOrientations = "UIInterfaceOrientationPortrait UIInterfaceOrientationPortraitUpsideDown UIInterfaceOrientationLandscapeLeft UIInterfaceOrientationLandscapeRight";
				INFOPLIST_KEY_UISupportedInterfaceOrientations_iPad = "UIInterfaceOrientationPortrait UIInterfaceOrientationPortraitUpsideDown UIInterfaceOrientationLandscapeLeft UIInterfaceOrientationLandscapeRight";
				INFOPLIST_KEY_UISupportedInterfaceOrientations_iPhone = "UIInterfaceOrientationPortrait UIInterfaceOrientationLandscapeLeft UIInterfaceOrientationLandscapeRight";
				LD_RUNPATH_SEARCH_PATHS = (
					"$(inherited)",
					"@executable_path/Frameworks",
				);
				MARKETING_VERSION = 1.0;
				PRODUCT_BUNDLE_IDENTIFIER = com.DanielBracamontes.Parstagram;
				PRODUCT_NAME = "$(TARGET_NAME)";
				SWIFT_EMIT_LOC_STRINGS = YES;
				SWIFT_VERSION = 5.0;
				TARGETED_DEVICE_FAMILY = "1,2";
			};
			name = Debug;
		};
		E78D9F3927D803D00006CA48 /* Release */ = {
			isa = XCBuildConfiguration;
			baseConfigurationReference = 9BA2099C63F65DECEEB389D2 /* Pods-Parstagram.release.xcconfig */;
			buildSettings = {
				ASSETCATALOG_COMPILER_APPICON_NAME = AppIcon;
				ASSETCATALOG_COMPILER_GLOBAL_ACCENT_COLOR_NAME = AccentColor;
				CODE_SIGN_STYLE = Automatic;
				CURRENT_PROJECT_VERSION = 1;
				DEVELOPMENT_TEAM = L36HJ4724Z;
				GENERATE_INFOPLIST_FILE = YES;
				INFOPLIST_FILE = Parstagram/Info.plist;
				INFOPLIST_KEY_CFBundleDisplayName = Parstagram;
				INFOPLIST_KEY_UIApplicationSupportsIndirectInputEvents = YES;
				INFOPLIST_KEY_UILaunchStoryboardName = LaunchScreen;
				INFOPLIST_KEY_UIMainStoryboardFile = Main;
				INFOPLIST_KEY_UISupportedInterfaceOrientations = "UIInterfaceOrientationPortrait UIInterfaceOrientationPortraitUpsideDown UIInterfaceOrientationLandscapeLeft UIInterfaceOrientationLandscapeRight";
				INFOPLIST_KEY_UISupportedInterfaceOrientations_iPad = "UIInterfaceOrientationPortrait UIInterfaceOrientationPortraitUpsideDown UIInterfaceOrientationLandscapeLeft UIInterfaceOrientationLandscapeRight";
				INFOPLIST_KEY_UISupportedInterfaceOrientations_iPhone = "UIInterfaceOrientationPortrait UIInterfaceOrientationLandscapeLeft UIInterfaceOrientationLandscapeRight";
				LD_RUNPATH_SEARCH_PATHS = (
					"$(inherited)",
					"@executable_path/Frameworks",
				);
				MARKETING_VERSION = 1.0;
				PRODUCT_BUNDLE_IDENTIFIER = com.DanielBracamontes.Parstagram;
				PRODUCT_NAME = "$(TARGET_NAME)";
				SWIFT_EMIT_LOC_STRINGS = YES;
				SWIFT_VERSION = 5.0;
				TARGETED_DEVICE_FAMILY = "1,2";
			};
			name = Release;
		};
		E78D9F3B27D803D00006CA48 /* Debug */ = {
			isa = XCBuildConfiguration;
			baseConfigurationReference = 83EFB924511E40B38609A8A1 /* Pods-ParstagramTests.debug.xcconfig */;
			buildSettings = {
				ALWAYS_EMBED_SWIFT_STANDARD_LIBRARIES = YES;
				BUNDLE_LOADER = "$(TEST_HOST)";
				CODE_SIGN_STYLE = Automatic;
				CURRENT_PROJECT_VERSION = 1;
				DEVELOPMENT_TEAM = L36HJ4724Z;
				GENERATE_INFOPLIST_FILE = YES;
				IPHONEOS_DEPLOYMENT_TARGET = 15.2;
				MARKETING_VERSION = 1.0;
				PRODUCT_BUNDLE_IDENTIFIER = com.DanielBracamontes.ParstagramTests;
				PRODUCT_NAME = "$(TARGET_NAME)";
				SWIFT_EMIT_LOC_STRINGS = NO;
				SWIFT_VERSION = 5.0;
				TARGETED_DEVICE_FAMILY = "1,2";
				TEST_HOST = "$(BUILT_PRODUCTS_DIR)/Parstagram.app/Parstagram";
			};
			name = Debug;
		};
		E78D9F3C27D803D00006CA48 /* Release */ = {
			isa = XCBuildConfiguration;
			baseConfigurationReference = 5062E2CA4AB34AE66FDFCEE9 /* Pods-ParstagramTests.release.xcconfig */;
			buildSettings = {
				ALWAYS_EMBED_SWIFT_STANDARD_LIBRARIES = YES;
				BUNDLE_LOADER = "$(TEST_HOST)";
				CODE_SIGN_STYLE = Automatic;
				CURRENT_PROJECT_VERSION = 1;
				DEVELOPMENT_TEAM = L36HJ4724Z;
				GENERATE_INFOPLIST_FILE = YES;
				IPHONEOS_DEPLOYMENT_TARGET = 15.2;
				MARKETING_VERSION = 1.0;
				PRODUCT_BUNDLE_IDENTIFIER = com.DanielBracamontes.ParstagramTests;
				PRODUCT_NAME = "$(TARGET_NAME)";
				SWIFT_EMIT_LOC_STRINGS = NO;
				SWIFT_VERSION = 5.0;
				TARGETED_DEVICE_FAMILY = "1,2";
				TEST_HOST = "$(BUILT_PRODUCTS_DIR)/Parstagram.app/Parstagram";
			};
			name = Release;
		};
		E78D9F3E27D803D00006CA48 /* Debug */ = {
			isa = XCBuildConfiguration;
			baseConfigurationReference = 89BCFFF4C758A04F7A0E04EF /* Pods-Parstagram-ParstagramUITests.debug.xcconfig */;
			buildSettings = {
				ALWAYS_EMBED_SWIFT_STANDARD_LIBRARIES = YES;
				CODE_SIGN_STYLE = Automatic;
				CURRENT_PROJECT_VERSION = 1;
				DEVELOPMENT_TEAM = L36HJ4724Z;
				GENERATE_INFOPLIST_FILE = YES;
				MARKETING_VERSION = 1.0;
				PRODUCT_BUNDLE_IDENTIFIER = com.DanielBracamontes.ParstagramUITests;
				PRODUCT_NAME = "$(TARGET_NAME)";
				SWIFT_EMIT_LOC_STRINGS = NO;
				SWIFT_VERSION = 5.0;
				TARGETED_DEVICE_FAMILY = "1,2";
				TEST_TARGET_NAME = Parstagram;
			};
			name = Debug;
		};
		E78D9F3F27D803D00006CA48 /* Release */ = {
			isa = XCBuildConfiguration;
			baseConfigurationReference = F61DB708F19CF3D2B37BACE2 /* Pods-Parstagram-ParstagramUITests.release.xcconfig */;
			buildSettings = {
				ALWAYS_EMBED_SWIFT_STANDARD_LIBRARIES = YES;
				CODE_SIGN_STYLE = Automatic;
				CURRENT_PROJECT_VERSION = 1;
				DEVELOPMENT_TEAM = L36HJ4724Z;
				GENERATE_INFOPLIST_FILE = YES;
				MARKETING_VERSION = 1.0;
				PRODUCT_BUNDLE_IDENTIFIER = com.DanielBracamontes.ParstagramUITests;
				PRODUCT_NAME = "$(TARGET_NAME)";
				SWIFT_EMIT_LOC_STRINGS = NO;
				SWIFT_VERSION = 5.0;
				TARGETED_DEVICE_FAMILY = "1,2";
				TEST_TARGET_NAME = Parstagram;
			};
			name = Release;
		};
/* End XCBuildConfiguration section */

/* Begin XCConfigurationList section */
		E78D9F0827D803CD0006CA48 /* Build configuration list for PBXProject "Parstagram" */ = {
			isa = XCConfigurationList;
			buildConfigurations = (
				E78D9F3527D803D00006CA48 /* Debug */,
				E78D9F3627D803D00006CA48 /* Release */,
			);
			defaultConfigurationIsVisible = 0;
			defaultConfigurationName = Release;
		};
		E78D9F3727D803D00006CA48 /* Build configuration list for PBXNativeTarget "Parstagram" */ = {
			isa = XCConfigurationList;
			buildConfigurations = (
				E78D9F3827D803D00006CA48 /* Debug */,
				E78D9F3927D803D00006CA48 /* Release */,
			);
			defaultConfigurationIsVisible = 0;
			defaultConfigurationName = Release;
		};
		E78D9F3A27D803D00006CA48 /* Build configuration list for PBXNativeTarget "ParstagramTests" */ = {
			isa = XCConfigurationList;
			buildConfigurations = (
				E78D9F3B27D803D00006CA48 /* Debug */,
				E78D9F3C27D803D00006CA48 /* Release */,
			);
			defaultConfigurationIsVisible = 0;
			defaultConfigurationName = Release;
		};
		E78D9F3D27D803D00006CA48 /* Build configuration list for PBXNativeTarget "ParstagramUITests" */ = {
			isa = XCConfigurationList;
			buildConfigurations = (
				E78D9F3E27D803D00006CA48 /* Debug */,
				E78D9F3F27D803D00006CA48 /* Release */,
			);
			defaultConfigurationIsVisible = 0;
			defaultConfigurationName = Release;
		};
/* End XCConfigurationList section */
	};
	rootObject = E78D9F0527D803CD0006CA48 /* Project object */;
}
